
Microsoft Visual Studio Solution File, Format Version 12.00
# Visual Studio Version 17
VisualStudioVersion = 17.1.32407.343
MinimumVisualStudioVersion = 10.0.40219.1
Project("{9A19103F-16F7-4668-BE54-9A1E7A4F7556}") = "DotNetCoreCamp", "DotNetCoreCamp\DotNetCoreCamp.csproj", "{3168A679-C3CD-40CA-A2F6-F1EA71EFFD94}"
EndProject
Project("{9A19103F-16F7-4668-BE54-9A1E7A4F7556}") = "Entities", "Entities\Entities.csproj", "{8078EC22-ECFF-4F69-B960-6B6635097F41}"
EndProject
Project("{9A19103F-16F7-4668-BE54-9A1E7A4F7556}") = "DataAccess", "DataAccess\DataAccess.csproj", "{EFF3DF6D-576B-43B7-BF6C-0AD0B7AF12BB}"
EndProject
Project("{9A19103F-16F7-4668-BE54-9A1E7A4F7556}") = "Business", "Business\Business.csproj", "{59F5255F-22CA-4184-911D-DFE34001303B}"
EndProject
Project("{9A19103F-16F7-4668-BE54-9A1E7A4F7556}") = "Core", "Core\Core.csproj", "{ADEA9AAB-81AD-4CBB-8CCA-7B6A14829F1A}"
EndProject
Project("{9A19103F-16F7-4668-BE54-9A1E7A4F7556}") = "BlogApiDemo", "BlogApiDemo\BlogApiDemo.csproj", "{6D98F66E-CCF8-41E5-BF27-FD2B08CA1918}"
EndProject
Project("{FAE04EC0-301F-11D3-BF4B-00C04F79EFBC}") = "Jwt_Core_Proje_Kampi", "Jwt_Core_Proje_Kampi\Jwt_Core_Proje_Kampi.csproj", "{BCE244E4-A9A9-405C-AE5F-813B21003598}"
EndProject
Global
	GlobalSection(SolutionConfigurationPlatforms) = preSolution
		Debug|Any CPU = Debug|Any CPU
		Release|Any CPU = Release|Any CPU
	EndGlobalSection
	GlobalSection(ProjectConfigurationPlatforms) = postSolution
		{3168A679-C3CD-40CA-A2F6-F1EA71EFFD94}.Debug|Any CPU.ActiveCfg = Debug|Any CPU
		{3168A679-C3CD-40CA-A2F6-F1EA71EFFD94}.Debug|Any CPU.Build.0 = Debug|Any CPU
		{3168A679-C3CD-40CA-A2F6-F1EA71EFFD94}.Release|Any CPU.ActiveCfg = Release|Any CPU
		{3168A679-C3CD-40CA-A2F6-F1EA71EFFD94}.Release|Any CPU.Build.0 = Release|Any CPU
		{8078EC22-ECFF-4F69-B960-6B6635097F41}.Debug|Any CPU.ActiveCfg = Debug|Any CPU
		{8078EC22-ECFF-4F69-B960-6B6635097F41}.Debug|Any CPU.Build.0 = Debug|Any CPU
		{8078EC22-ECFF-4F69-B960-6B6635097F41}.Release|Any CPU.ActiveCfg = Release|Any CPU
		{8078EC22-ECFF-4F69-B960-6B6635097F41}.Release|Any CPU.Build.0 = Release|Any CPU
		{EFF3DF6D-576B-43B7-BF6C-0AD0B7AF12BB}.Debug|Any CPU.ActiveCfg = Debug|Any CPU
		{EFF3DF6D-576B-43B7-BF6C-0AD0B7AF12BB}.Debug|Any CPU.Build.0 = Debug|Any CPU
		{EFF3DF6D-576B-43B7-BF6C-0AD0B7AF12BB}.Release|Any CPU.ActiveCfg = Release|Any CPU
		{EFF3DF6D-576B-43B7-BF6C-0AD0B7AF12BB}.Release|Any CPU.Build.0 = Release|Any CPU
		{59F5255F-22CA-4184-911D-DFE34001303B}.Debug|Any CPU.ActiveCfg = Debug|Any CPU
		{59F5255F-22CA-4184-911D-DFE34001303B}.Debug|Any CPU.Build.0 = Debug|Any CPU
		{59F5255F-22CA-4184-911D-DFE34001303B}.Release|Any CPU.ActiveCfg = Release|Any CPU
		{59F5255F-22CA-4184-911D-DFE34001303B}.Release|Any CPU.Build.0 = Release|Any CPU
		{ADEA9AAB-81AD-4CBB-8CCA-7B6A14829F1A}.Debug|Any CPU.ActiveCfg = Debug|Any CPU
		{ADEA9AAB-81AD-4CBB-8CCA-7B6A14829F1A}.Debug|Any CPU.Build.0 = Debug|Any CPU
		{ADEA9AAB-81AD-4CBB-8CCA-7B6A14829F1A}.Release|Any CPU.ActiveCfg = Release|Any CPU
		{ADEA9AAB-81AD-4CBB-8CCA-7B6A14829F1A}.Release|Any CPU.Build.0 = Release|Any CPU
		{6D98F66E-CCF8-41E5-BF27-FD2B08CA1918}.Debug|Any CPU.ActiveCfg = Debug|Any CPU
		{6D98F66E-CCF8-41E5-BF27-FD2B08CA1918}.Debug|Any CPU.Build.0 = Debug|Any CPU
		{6D98F66E-CCF8-41E5-BF27-FD2B08CA1918}.Release|Any CPU.ActiveCfg = Release|Any CPU
		{6D98F66E-CCF8-41E5-BF27-FD2B08CA1918}.Release|Any CPU.Build.0 = Release|Any CPU
		{BCE244E4-A9A9-405C-AE5F-813B21003598}.Debug|Any CPU.ActiveCfg = Debug|Any CPU
		{BCE244E4-A9A9-405C-AE5F-813B21003598}.Debug|Any CPU.Build.0 = Debug|Any CPU
		{BCE244E4-A9A9-405C-AE5F-813B21003598}.Release|Any CPU.ActiveCfg = Release|Any CPU
		{BCE244E4-A9A9-405C-AE5F-813B21003598}.Release|Any CPU.Build.0 = Release|Any CPU
	EndGlobalSection
	GlobalSection(SolutionProperties) = preSolution
		HideSolutionNode = FALSE
	EndGlobalSection
	GlobalSection(ExtensibilityGlobals) = postSolution
		SolutionGuid = {62B71738-A1E2-4270-9245-5827C6B1823A}
	EndGlobalSection
EndGlobal
